// !$*UTF8*$!
{
	archiveVersion = 1;
	classes = {
	};
	objectVersion = 46;
	objects = {

/* Begin PBXBuildFile section */
		39E410DA1ED9179C00EB1B63 /* Buildkite.framework in Frameworks */ = {isa = PBXBuildFile; fileRef = 39E410D01ED9179C00EB1B63 /* Buildkite.framework */; };
		39E410EC1ED91A1C00EB1B63 /* Buildkite.h in Headers */ = {isa = PBXBuildFile; fileRef = 39E410EB1ED91A1C00EB1B63 /* Buildkite.h */; };
/* End PBXBuildFile section */

/* Begin PBXContainerItemProxy section */
		39E410DB1ED9179C00EB1B63 /* PBXContainerItemProxy */ = {
			isa = PBXContainerItemProxy;
			containerPortal = 39E410C71ED9179C00EB1B63 /* Project object */;
			proxyType = 1;
			remoteGlobalIDString = 39E410CF1ED9179C00EB1B63;
			remoteInfo = Buildkite;
		};
/* End PBXContainerItemProxy section */

/* Begin PBXFileReference section */
		39E410D01ED9179C00EB1B63 /* Buildkite.framework */ = {isa = PBXFileReference; explicitFileType = wrapper.framework; includeInIndex = 0; path = Buildkite.framework; sourceTree = BUILT_PRODUCTS_DIR; };
		39E410D91ED9179C00EB1B63 /* BuildkiteTests.xctest */ = {isa = PBXFileReference; explicitFileType = wrapper.cfbundle; includeInIndex = 0; path = BuildkiteTests.xctest; sourceTree = BUILT_PRODUCTS_DIR; };
		39E410EB1ED91A1C00EB1B63 /* Buildkite.h */ = {isa = PBXFileReference; fileEncoding = 4; lastKnownFileType = sourcecode.c.h; path = Buildkite.h; sourceTree = "<group>"; };
		39E410F11ED91BAA00EB1B63 /* Common.xcconfig */ = {isa = PBXFileReference; lastKnownFileType = text.xcconfig; path = Common.xcconfig; sourceTree = "<group>"; };
		39E410F31ED91BAA00EB1B63 /* Debug.xcconfig */ = {isa = PBXFileReference; lastKnownFileType = text.xcconfig; path = Debug.xcconfig; sourceTree = "<group>"; };
		39E410F41ED91BAA00EB1B63 /* Profile.xcconfig */ = {isa = PBXFileReference; lastKnownFileType = text.xcconfig; path = Profile.xcconfig; sourceTree = "<group>"; };
		39E410F51ED91BAA00EB1B63 /* Release.xcconfig */ = {isa = PBXFileReference; lastKnownFileType = text.xcconfig; path = Release.xcconfig; sourceTree = "<group>"; };
		39E410F61ED91BAA00EB1B63 /* Test.xcconfig */ = {isa = PBXFileReference; lastKnownFileType = text.xcconfig; path = Test.xcconfig; sourceTree = "<group>"; };
		39E410F81ED91BAA00EB1B63 /* Application.xcconfig */ = {isa = PBXFileReference; lastKnownFileType = text.xcconfig; path = Application.xcconfig; sourceTree = "<group>"; };
		39E410F91ED91BAA00EB1B63 /* Framework.xcconfig */ = {isa = PBXFileReference; lastKnownFileType = text.xcconfig; path = Framework.xcconfig; sourceTree = "<group>"; };
		39E410FA1ED91BAA00EB1B63 /* StaticLibrary.xcconfig */ = {isa = PBXFileReference; lastKnownFileType = text.xcconfig; path = StaticLibrary.xcconfig; sourceTree = "<group>"; };
		39E410FC1ED91BAA00EB1B63 /* iOS-Application.xcconfig */ = {isa = PBXFileReference; lastKnownFileType = text.xcconfig; path = "iOS-Application.xcconfig"; sourceTree = "<group>"; };
		39E410FD1ED91BAA00EB1B63 /* iOS-Base.xcconfig */ = {isa = PBXFileReference; lastKnownFileType = text.xcconfig; path = "iOS-Base.xcconfig"; sourceTree = "<group>"; };
		39E410FE1ED91BAA00EB1B63 /* iOS-Framework.xcconfig */ = {isa = PBXFileReference; lastKnownFileType = text.xcconfig; path = "iOS-Framework.xcconfig"; sourceTree = "<group>"; };
		39E410FF1ED91BAA00EB1B63 /* iOS-StaticLibrary.xcconfig */ = {isa = PBXFileReference; lastKnownFileType = text.xcconfig; path = "iOS-StaticLibrary.xcconfig"; sourceTree = "<group>"; };
		39E411011ED91BAA00EB1B63 /* Mac-Application.xcconfig */ = {isa = PBXFileReference; lastKnownFileType = text.xcconfig; path = "Mac-Application.xcconfig"; sourceTree = "<group>"; };
		39E411021ED91BAA00EB1B63 /* Mac-Base.xcconfig */ = {isa = PBXFileReference; lastKnownFileType = text.xcconfig; path = "Mac-Base.xcconfig"; sourceTree = "<group>"; };
		39E411031ED91BAA00EB1B63 /* Mac-DynamicLibrary.xcconfig */ = {isa = PBXFileReference; lastKnownFileType = text.xcconfig; path = "Mac-DynamicLibrary.xcconfig"; sourceTree = "<group>"; };
		39E411041ED91BAA00EB1B63 /* Mac-Framework.xcconfig */ = {isa = PBXFileReference; lastKnownFileType = text.xcconfig; path = "Mac-Framework.xcconfig"; sourceTree = "<group>"; };
		39E411051ED91BAA00EB1B63 /* Mac-StaticLibrary.xcconfig */ = {isa = PBXFileReference; lastKnownFileType = text.xcconfig; path = "Mac-StaticLibrary.xcconfig"; sourceTree = "<group>"; };
		39E411081ED91BAA00EB1B63 /* tvOS-Application.xcconfig */ = {isa = PBXFileReference; lastKnownFileType = text.xcconfig; path = "tvOS-Application.xcconfig"; sourceTree = "<group>"; };
		39E411091ED91BAA00EB1B63 /* tvOS-Base.xcconfig */ = {isa = PBXFileReference; lastKnownFileType = text.xcconfig; path = "tvOS-Base.xcconfig"; sourceTree = "<group>"; };
		39E4110A1ED91BAA00EB1B63 /* tvOS-Framework.xcconfig */ = {isa = PBXFileReference; lastKnownFileType = text.xcconfig; path = "tvOS-Framework.xcconfig"; sourceTree = "<group>"; };
		39E4110B1ED91BAA00EB1B63 /* tvOS-StaticLibrary.xcconfig */ = {isa = PBXFileReference; lastKnownFileType = text.xcconfig; path = "tvOS-StaticLibrary.xcconfig"; sourceTree = "<group>"; };
		39E4110D1ED91BAA00EB1B63 /* watchOS-Application.xcconfig */ = {isa = PBXFileReference; lastKnownFileType = text.xcconfig; path = "watchOS-Application.xcconfig"; sourceTree = "<group>"; };
		39E4110E1ED91BAA00EB1B63 /* watchOS-Base.xcconfig */ = {isa = PBXFileReference; lastKnownFileType = text.xcconfig; path = "watchOS-Base.xcconfig"; sourceTree = "<group>"; };
		39E4110F1ED91BAA00EB1B63 /* watchOS-Framework.xcconfig */ = {isa = PBXFileReference; lastKnownFileType = text.xcconfig; path = "watchOS-Framework.xcconfig"; sourceTree = "<group>"; };
		39E411101ED91BAA00EB1B63 /* watchOS-StaticLibrary.xcconfig */ = {isa = PBXFileReference; lastKnownFileType = text.xcconfig; path = "watchOS-StaticLibrary.xcconfig"; sourceTree = "<group>"; };
/* End PBXFileReference section */

/* Begin PBXFrameworksBuildPhase section */
		39E410CC1ED9179C00EB1B63 /* Frameworks */ = {
			isa = PBXFrameworksBuildPhase;
			buildActionMask = 2147483647;
			files = (
			);
			runOnlyForDeploymentPostprocessing = 0;
		};
		39E410D61ED9179C00EB1B63 /* Frameworks */ = {
			isa = PBXFrameworksBuildPhase;
			buildActionMask = 2147483647;
			files = (
				39E410DA1ED9179C00EB1B63 /* Buildkite.framework in Frameworks */,
			);
			runOnlyForDeploymentPostprocessing = 0;
		};
/* End PBXFrameworksBuildPhase section */

/* Begin PBXGroup section */
		39E410C61ED9179C00EB1B63 = {
			isa = PBXGroup;
			children = (
				39E410EA1ED91A1C00EB1B63 /* Sources */,
				39E410ED1ED91A2800EB1B63 /* Tests */,
				39E410EE1ED91BAA00EB1B63 /* Configurations */,
				39E410D11ED9179C00EB1B63 /* Products */,
			);
			sourceTree = "<group>";
		};
		39E410D11ED9179C00EB1B63 /* Products */ = {
			isa = PBXGroup;
			children = (
				39E410D01ED9179C00EB1B63 /* Buildkite.framework */,
				39E410D91ED9179C00EB1B63 /* BuildkiteTests.xctest */,
			);
			name = Products;
			sourceTree = "<group>";
		};
		39E410EA1ED91A1C00EB1B63 /* Sources */ = {
			isa = PBXGroup;
			children = (
				39E410EB1ED91A1C00EB1B63 /* Buildkite.h */,
			);
			path = Sources;
			sourceTree = "<group>";
		};
		39E410ED1ED91A2800EB1B63 /* Tests */ = {
			isa = PBXGroup;
			children = (
			);
			path = Tests;
			sourceTree = "<group>";
		};
		39E410EE1ED91BAA00EB1B63 /* Configurations */ = {
			isa = PBXGroup;
			children = (
				39E410F01ED91BAA00EB1B63 /* Base */,
				39E410FB1ED91BAA00EB1B63 /* iOS */,
				39E411001ED91BAA00EB1B63 /* Mac OS X */,
				39E411071ED91BAA00EB1B63 /* tvOS */,
				39E4110C1ED91BAA00EB1B63 /* watchOS */,
			);
			name = Configurations;
			path = ../Carthage/Checkouts/xcconfigs;
			sourceTree = "<group>";
		};
		39E410F01ED91BAA00EB1B63 /* Base */ = {
			isa = PBXGroup;
			children = (
				39E410F11ED91BAA00EB1B63 /* Common.xcconfig */,
				39E410F21ED91BAA00EB1B63 /* Configurations */,
				39E410F71ED91BAA00EB1B63 /* Targets */,
			);
			path = Base;
			sourceTree = "<group>";
		};
		39E410F21ED91BAA00EB1B63 /* Configurations */ = {
			isa = PBXGroup;
			children = (
				39E410F31ED91BAA00EB1B63 /* Debug.xcconfig */,
				39E410F41ED91BAA00EB1B63 /* Profile.xcconfig */,
				39E410F51ED91BAA00EB1B63 /* Release.xcconfig */,
				39E410F61ED91BAA00EB1B63 /* Test.xcconfig */,
			);
			path = Configurations;
			sourceTree = "<group>";
		};
		39E410F71ED91BAA00EB1B63 /* Targets */ = {
			isa = PBXGroup;
			children = (
				39E410F81ED91BAA00EB1B63 /* Application.xcconfig */,
				39E410F91ED91BAA00EB1B63 /* Framework.xcconfig */,
				39E410FA1ED91BAA00EB1B63 /* StaticLibrary.xcconfig */,
			);
			path = Targets;
			sourceTree = "<group>";
		};
		39E410FB1ED91BAA00EB1B63 /* iOS */ = {
			isa = PBXGroup;
			children = (
				39E410FC1ED91BAA00EB1B63 /* iOS-Application.xcconfig */,
				39E410FD1ED91BAA00EB1B63 /* iOS-Base.xcconfig */,
				39E410FE1ED91BAA00EB1B63 /* iOS-Framework.xcconfig */,
				39E410FF1ED91BAA00EB1B63 /* iOS-StaticLibrary.xcconfig */,
			);
			path = iOS;
			sourceTree = "<group>";
		};
		39E411001ED91BAA00EB1B63 /* Mac OS X */ = {
			isa = PBXGroup;
			children = (
				39E411011ED91BAA00EB1B63 /* Mac-Application.xcconfig */,
				39E411021ED91BAA00EB1B63 /* Mac-Base.xcconfig */,
				39E411031ED91BAA00EB1B63 /* Mac-DynamicLibrary.xcconfig */,
				39E411041ED91BAA00EB1B63 /* Mac-Framework.xcconfig */,
				39E411051ED91BAA00EB1B63 /* Mac-StaticLibrary.xcconfig */,
			);
			path = "Mac OS X";
			sourceTree = "<group>";
		};
		39E411071ED91BAA00EB1B63 /* tvOS */ = {
			isa = PBXGroup;
			children = (
				39E411081ED91BAA00EB1B63 /* tvOS-Application.xcconfig */,
				39E411091ED91BAA00EB1B63 /* tvOS-Base.xcconfig */,
				39E4110A1ED91BAA00EB1B63 /* tvOS-Framework.xcconfig */,
				39E4110B1ED91BAA00EB1B63 /* tvOS-StaticLibrary.xcconfig */,
			);
			path = tvOS;
			sourceTree = "<group>";
		};
		39E4110C1ED91BAA00EB1B63 /* watchOS */ = {
			isa = PBXGroup;
			children = (
				39E4110D1ED91BAA00EB1B63 /* watchOS-Application.xcconfig */,
				39E4110E1ED91BAA00EB1B63 /* watchOS-Base.xcconfig */,
				39E4110F1ED91BAA00EB1B63 /* watchOS-Framework.xcconfig */,
				39E411101ED91BAA00EB1B63 /* watchOS-StaticLibrary.xcconfig */,
			);
			path = watchOS;
			sourceTree = "<group>";
		};
/* End PBXGroup section */

/* Begin PBXHeadersBuildPhase section */
		39E410CD1ED9179C00EB1B63 /* Headers */ = {
			isa = PBXHeadersBuildPhase;
			buildActionMask = 2147483647;
			files = (
				39E410EC1ED91A1C00EB1B63 /* Buildkite.h in Headers */,
			);
			runOnlyForDeploymentPostprocessing = 0;
		};
/* End PBXHeadersBuildPhase section */

/* Begin PBXNativeTarget section */
		39E410CF1ED9179C00EB1B63 /* Buildkite */ = {
			isa = PBXNativeTarget;
			buildConfigurationList = 39E410E41ED9179C00EB1B63 /* Build configuration list for PBXNativeTarget "Buildkite" */;
			buildPhases = (
				39E410CB1ED9179C00EB1B63 /* Sources */,
				39E410CC1ED9179C00EB1B63 /* Frameworks */,
				39E410CD1ED9179C00EB1B63 /* Headers */,
				39E410CE1ED9179C00EB1B63 /* Resources */,
			);
			buildRules = (
			);
			dependencies = (
			);
			name = Buildkite;
			productName = Buildkite;
			productReference = 39E410D01ED9179C00EB1B63 /* Buildkite.framework */;
			productType = "com.apple.product-type.framework";
		};
		39E410D81ED9179C00EB1B63 /* BuildkiteTests */ = {
			isa = PBXNativeTarget;
			buildConfigurationList = 39E410E71ED9179C00EB1B63 /* Build configuration list for PBXNativeTarget "BuildkiteTests" */;
			buildPhases = (
				39E410D51ED9179C00EB1B63 /* Sources */,
				39E410D61ED9179C00EB1B63 /* Frameworks */,
				39E410D71ED9179C00EB1B63 /* Resources */,
			);
			buildRules = (
			);
			dependencies = (
				39E410DC1ED9179C00EB1B63 /* PBXTargetDependency */,
			);
			name = BuildkiteTests;
			productName = BuildkiteTests;
			productReference = 39E410D91ED9179C00EB1B63 /* BuildkiteTests.xctest */;
			productType = "com.apple.product-type.bundle.unit-test";
		};
/* End PBXNativeTarget section */

/* Begin PBXProject section */
		39E410C71ED9179C00EB1B63 /* Project object */ = {
			isa = PBXProject;
			attributes = {
				LastSwiftUpdateCheck = 0830;
				LastUpgradeCheck = 0830;
				ORGANIZATIONNAME = "Adams, Mark";
				TargetAttributes = {
					39E410CF1ED9179C00EB1B63 = {
						CreatedOnToolsVersion = 8.3.2;
						DevelopmentTeam = 58WAG2ULA9;
						ProvisioningStyle = Automatic;
					};
					39E410D81ED9179C00EB1B63 = {
						CreatedOnToolsVersion = 8.3.2;
						DevelopmentTeam = 58WAG2ULA9;
						ProvisioningStyle = Automatic;
					};
				};
			};
			buildConfigurationList = 39E410CA1ED9179C00EB1B63 /* Build configuration list for PBXProject "Buildkite" */;
			compatibilityVersion = "Xcode 3.2";
			developmentRegion = English;
			hasScannedForEncodings = 0;
			knownRegions = (
				en,
			);
			mainGroup = 39E410C61ED9179C00EB1B63;
			productRefGroup = 39E410D11ED9179C00EB1B63 /* Products */;
			projectDirPath = "";
			projectRoot = "";
			targets = (
				39E410CF1ED9179C00EB1B63 /* Buildkite */,
				39E410D81ED9179C00EB1B63 /* BuildkiteTests */,
			);
		};
/* End PBXProject section */

/* Begin PBXResourcesBuildPhase section */
		39E410CE1ED9179C00EB1B63 /* Resources */ = {
			isa = PBXResourcesBuildPhase;
			buildActionMask = 2147483647;
			files = (
			);
			runOnlyForDeploymentPostprocessing = 0;
		};
		39E410D71ED9179C00EB1B63 /* Resources */ = {
			isa = PBXResourcesBuildPhase;
			buildActionMask = 2147483647;
			files = (
			);
			runOnlyForDeploymentPostprocessing = 0;
		};
/* End PBXResourcesBuildPhase section */

/* Begin PBXSourcesBuildPhase section */
		39E410CB1ED9179C00EB1B63 /* Sources */ = {
			isa = PBXSourcesBuildPhase;
			buildActionMask = 2147483647;
			files = (
			);
			runOnlyForDeploymentPostprocessing = 0;
		};
		39E410D51ED9179C00EB1B63 /* Sources */ = {
			isa = PBXSourcesBuildPhase;
			buildActionMask = 2147483647;
			files = (
			);
			runOnlyForDeploymentPostprocessing = 0;
		};
/* End PBXSourcesBuildPhase section */

/* Begin PBXTargetDependency section */
		39E410DC1ED9179C00EB1B63 /* PBXTargetDependency */ = {
			isa = PBXTargetDependency;
			target = 39E410CF1ED9179C00EB1B63 /* Buildkite */;
			targetProxy = 39E410DB1ED9179C00EB1B63 /* PBXContainerItemProxy */;
		};
/* End PBXTargetDependency section */

/* Begin XCBuildConfiguration section */
		39E410E21ED9179C00EB1B63 /* Debug */ = {
			isa = XCBuildConfiguration;
			baseConfigurationReference = 39E410F31ED91BAA00EB1B63 /* Debug.xcconfig */;
			buildSettings = {
				ALWAYS_SEARCH_USER_PATHS = NO;
				CLANG_ANALYZER_NONNULL = YES;
				CLANG_ANALYZER_NUMBER_OBJECT_CONVERSION = YES_AGGRESSIVE;
				CLANG_CXX_LANGUAGE_STANDARD = "gnu++0x";
				CLANG_CXX_LIBRARY = "libc++";
				CLANG_ENABLE_MODULES = YES;
				CLANG_ENABLE_OBJC_ARC = YES;
				CLANG_WARN_BOOL_CONVERSION = YES;
				CLANG_WARN_CONSTANT_CONVERSION = YES;
				CLANG_WARN_DIRECT_OBJC_ISA_USAGE = YES_ERROR;
				CLANG_WARN_DOCUMENTATION_COMMENTS = YES;
				CLANG_WARN_EMPTY_BODY = YES;
				CLANG_WARN_ENUM_CONVERSION = YES;
				CLANG_WARN_INFINITE_RECURSION = YES;
				CLANG_WARN_INT_CONVERSION = YES;
				CLANG_WARN_OBJC_ROOT_CLASS = YES_ERROR;
				CLANG_WARN_SUSPICIOUS_MOVE = YES;
				CLANG_WARN_UNREACHABLE_CODE = YES;
				CLANG_WARN__DUPLICATE_METHOD_MATCH = YES;
				"CODE_SIGN_IDENTITY[sdk=iphoneos*]" = "iPhone Developer";
				COPY_PHASE_STRIP = NO;
				CURRENT_PROJECT_VERSION = 1;
				DEBUG_INFORMATION_FORMAT = dwarf;
				ENABLE_STRICT_OBJC_MSGSEND = YES;
				ENABLE_TESTABILITY = YES;
				GCC_C_LANGUAGE_STANDARD = gnu99;
				GCC_DYNAMIC_NO_PIC = NO;
				GCC_NO_COMMON_BLOCKS = YES;
				GCC_OPTIMIZATION_LEVEL = 0;
				GCC_PREPROCESSOR_DEFINITIONS = (
					"DEBUG=1",
					"$(inherited)",
				);
				GCC_WARN_64_TO_32_BIT_CONVERSION = YES;
				GCC_WARN_ABOUT_RETURN_TYPE = YES_ERROR;
				GCC_WARN_UNDECLARED_SELECTOR = YES;
				GCC_WARN_UNINITIALIZED_AUTOS = YES_AGGRESSIVE;
				GCC_WARN_UNUSED_FUNCTION = YES;
				GCC_WARN_UNUSED_VARIABLE = YES;
				IPHONEOS_DEPLOYMENT_TARGET = 10.3;
				MTL_ENABLE_DEBUG_INFO = YES;
				ONLY_ACTIVE_ARCH = YES;
				SDKROOT = iphoneos;
				SWIFT_ACTIVE_COMPILATION_CONDITIONS = DEBUG;
				SWIFT_OPTIMIZATION_LEVEL = "-Onone";
				TARGETED_DEVICE_FAMILY = "1,2";
				VERSIONING_SYSTEM = "apple-generic";
				VERSION_INFO_PREFIX = "";
			};
			name = Debug;
		};
		39E410E31ED9179C00EB1B63 /* Release */ = {
			isa = XCBuildConfiguration;
			baseConfigurationReference = 39E410F51ED91BAA00EB1B63 /* Release.xcconfig */;
			buildSettings = {
				ALWAYS_SEARCH_USER_PATHS = NO;
				CLANG_ANALYZER_NONNULL = YES;
				CLANG_ANALYZER_NUMBER_OBJECT_CONVERSION = YES_AGGRESSIVE;
				CLANG_CXX_LANGUAGE_STANDARD = "gnu++0x";
				CLANG_CXX_LIBRARY = "libc++";
				CLANG_ENABLE_MODULES = YES;
				CLANG_ENABLE_OBJC_ARC = YES;
				CLANG_WARN_BOOL_CONVERSION = YES;
				CLANG_WARN_CONSTANT_CONVERSION = YES;
				CLANG_WARN_DIRECT_OBJC_ISA_USAGE = YES_ERROR;
				CLANG_WARN_DOCUMENTATION_COMMENTS = YES;
				CLANG_WARN_EMPTY_BODY = YES;
				CLANG_WARN_ENUM_CONVERSION = YES;
				CLANG_WARN_INFINITE_RECURSION = YES;
				CLANG_WARN_INT_CONVERSION = YES;
				CLANG_WARN_OBJC_ROOT_CLASS = YES_ERROR;
				CLANG_WARN_SUSPICIOUS_MOVE = YES;
				CLANG_WARN_UNREACHABLE_CODE = YES;
				CLANG_WARN__DUPLICATE_METHOD_MATCH = YES;
				"CODE_SIGN_IDENTITY[sdk=iphoneos*]" = "iPhone Developer";
				COPY_PHASE_STRIP = NO;
				CURRENT_PROJECT_VERSION = 1;
				DEBUG_INFORMATION_FORMAT = "dwarf-with-dsym";
				ENABLE_NS_ASSERTIONS = NO;
				ENABLE_STRICT_OBJC_MSGSEND = YES;
				GCC_C_LANGUAGE_STANDARD = gnu99;
				GCC_NO_COMMON_BLOCKS = YES;
				GCC_WARN_64_TO_32_BIT_CONVERSION = YES;
				GCC_WARN_ABOUT_RETURN_TYPE = YES_ERROR;
				GCC_WARN_UNDECLARED_SELECTOR = YES;
				GCC_WARN_UNINITIALIZED_AUTOS = YES_AGGRESSIVE;
				GCC_WARN_UNUSED_FUNCTION = YES;
				GCC_WARN_UNUSED_VARIABLE = YES;
				IPHONEOS_DEPLOYMENT_TARGET = 10.3;
				MTL_ENABLE_DEBUG_INFO = NO;
				SDKROOT = iphoneos;
				SWIFT_OPTIMIZATION_LEVEL = "-Owholemodule";
				TARGETED_DEVICE_FAMILY = "1,2";
				VALIDATE_PRODUCT = YES;
				VERSIONING_SYSTEM = "apple-generic";
				VERSION_INFO_PREFIX = "";
			};
			name = Release;
		};
		39E410E51ED9179C00EB1B63 /* Debug */ = {
			isa = XCBuildConfiguration;
			baseConfigurationReference = 39E410FE1ED91BAA00EB1B63 /* iOS-Framework.xcconfig */;
			buildSettings = {
				CODE_SIGN_IDENTITY = "";
				DEFINES_MODULE = YES;
				DEVELOPMENT_TEAM = 58WAG2ULA9;
				DYLIB_COMPATIBILITY_VERSION = 1;
				DYLIB_CURRENT_VERSION = 1;
				DYLIB_INSTALL_NAME_BASE = "@rpath";
				INFOPLIST_FILE = "$(PROJECT_FILE_PATH)/$(TARGET_NAME)Info.plist";
				INSTALL_PATH = "$(LOCAL_LIBRARY_DIR)/Frameworks";
				LD_RUNPATH_SEARCH_PATHS = "$(inherited) @executable_path/Frameworks @loader_path/Frameworks";
				PRODUCT_BUNDLE_IDENTIFIER = com.markadams.Buildkite;
				PRODUCT_NAME = "$(TARGET_NAME)";
				SKIP_INSTALL = YES;
				SWIFT_VERSION = 3.0;
			};
			name = Debug;
		};
		39E410E61ED9179C00EB1B63 /* Release */ = {
			isa = XCBuildConfiguration;
			baseConfigurationReference = 39E410FE1ED91BAA00EB1B63 /* iOS-Framework.xcconfig */;
			buildSettings = {
				CODE_SIGN_IDENTITY = "";
				DEFINES_MODULE = YES;
				DEVELOPMENT_TEAM = 58WAG2ULA9;
				DYLIB_COMPATIBILITY_VERSION = 1;
				DYLIB_CURRENT_VERSION = 1;
				DYLIB_INSTALL_NAME_BASE = "@rpath";
				INFOPLIST_FILE = "$(PROJECT_FILE_PATH)/$(TARGET_NAME)Info.plist";
				INSTALL_PATH = "$(LOCAL_LIBRARY_DIR)/Frameworks";
				LD_RUNPATH_SEARCH_PATHS = "$(inherited) @executable_path/Frameworks @loader_path/Frameworks";
				PRODUCT_BUNDLE_IDENTIFIER = com.markadams.Buildkite;
				PRODUCT_NAME = "$(TARGET_NAME)";
				SKIP_INSTALL = YES;
				SWIFT_VERSION = 3.0;
			};
			name = Release;
		};
		39E410E81ED9179C00EB1B63 /* Debug */ = {
			isa = XCBuildConfiguration;
			baseConfigurationReference = 39E410FC1ED91BAA00EB1B63 /* iOS-Application.xcconfig */;
			buildSettings = {
				DEVELOPMENT_TEAM = 58WAG2ULA9;
				INFOPLIST_FILE = "$(PROJECT_FILE_PATH)/$(TARGET_NAME)Info.plist";
				LD_RUNPATH_SEARCH_PATHS = "$(inherited) @executable_path/Frameworks @loader_path/Frameworks";
				PRODUCT_BUNDLE_IDENTIFIER = com.markadams.BuildkiteTests;
				PRODUCT_NAME = "$(TARGET_NAME)";
				SWIFT_VERSION = 3.0;
			};
			name = Debug;
		};
		39E410E91ED9179C00EB1B63 /* Release */ = {
			isa = XCBuildConfiguration;
			baseConfigurationReference = 39E410FC1ED91BAA00EB1B63 /* iOS-Application.xcconfig */;
			buildSettings = {
				DEVELOPMENT_TEAM = 58WAG2ULA9;
				INFOPLIST_FILE = "$(PROJECT_FILE_PATH)/$(TARGET_NAME)Info.plist";
				LD_RUNPATH_SEARCH_PATHS = "$(inherited) @executable_path/Frameworks @loader_path/Frameworks";
				PRODUCT_BUNDLE_IDENTIFIER = com.markadams.BuildkiteTests;
				PRODUCT_NAME = "$(TARGET_NAME)";
				SWIFT_VERSION = 3.0;
			};
			name = Release;
		};
		39E411111ED91C7400EB1B63 /* Test */ = {
			isa = XCBuildConfiguration;
			baseConfigurationReference = 39E410F61ED91BAA00EB1B63 /* Test.xcconfig */;
			buildSettings = {
				ALWAYS_SEARCH_USER_PATHS = NO;
				CLANG_ANALYZER_NONNULL = YES;
				CLANG_ANALYZER_NUMBER_OBJECT_CONVERSION = YES_AGGRESSIVE;
				CLANG_CXX_LANGUAGE_STANDARD = "gnu++0x";
				CLANG_CXX_LIBRARY = "libc++";
				CLANG_ENABLE_MODULES = YES;
				CLANG_ENABLE_OBJC_ARC = YES;
				CLANG_WARN_BOOL_CONVERSION = YES;
				CLANG_WARN_CONSTANT_CONVERSION = YES;
				CLANG_WARN_DIRECT_OBJC_ISA_USAGE = YES_ERROR;
				CLANG_WARN_DOCUMENTATION_COMMENTS = YES;
				CLANG_WARN_EMPTY_BODY = YES;
				CLANG_WARN_ENUM_CONVERSION = YES;
				CLANG_WARN_INFINITE_RECURSION = YES;
				CLANG_WARN_INT_CONVERSION = YES;
				CLANG_WARN_OBJC_ROOT_CLASS = YES_ERROR;
				CLANG_WARN_SUSPICIOUS_MOVE = YES;
				CLANG_WARN_UNREACHABLE_CODE = YES;
				CLANG_WARN__DUPLICATE_METHOD_MATCH = YES;
				"CODE_SIGN_IDENTITY[sdk=iphoneos*]" = "iPhone Developer";
				COPY_PHASE_STRIP = NO;
				CURRENT_PROJECT_VERSION = 1;
				DEBUG_INFORMATION_FORMAT = dwarf;
				ENABLE_STRICT_OBJC_MSGSEND = YES;
				ENABLE_TESTABILITY = YES;
				GCC_C_LANGUAGE_STANDARD = gnu99;
				GCC_DYNAMIC_NO_PIC = NO;
				GCC_NO_COMMON_BLOCKS = YES;
				GCC_OPTIMIZATION_LEVEL = 0;
				GCC_PREPROCESSOR_DEFINITIONS = (
					"DEBUG=1",
					"$(inherited)",
				);
				GCC_WARN_64_TO_32_BIT_CONVERSION = YES;
				GCC_WARN_ABOUT_RETURN_TYPE = YES_ERROR;
				GCC_WARN_UNDECLARED_SELECTOR = YES;
				GCC_WARN_UNINITIALIZED_AUTOS = YES_AGGRESSIVE;
				GCC_WARN_UNUSED_FUNCTION = YES;
				GCC_WARN_UNUSED_VARIABLE = YES;
				IPHONEOS_DEPLOYMENT_TARGET = 10.3;
				MTL_ENABLE_DEBUG_INFO = YES;
				ONLY_ACTIVE_ARCH = YES;
				SDKROOT = iphoneos;
				SWIFT_ACTIVE_COMPILATION_CONDITIONS = DEBUG;
				SWIFT_OPTIMIZATION_LEVEL = "-Onone";
				TARGETED_DEVICE_FAMILY = "1,2";
				VERSIONING_SYSTEM = "apple-generic";
				VERSION_INFO_PREFIX = "";
			};
			name = Test;
		};
		39E411121ED91C7400EB1B63 /* Test */ = {
			isa = XCBuildConfiguration;
			baseConfigurationReference = 39E410FE1ED91BAA00EB1B63 /* iOS-Framework.xcconfig */;
			buildSettings = {
				CODE_SIGN_IDENTITY = "";
				DEFINES_MODULE = YES;
				DEVELOPMENT_TEAM = 58WAG2ULA9;
				DYLIB_COMPATIBILITY_VERSION = 1;
				DYLIB_CURRENT_VERSION = 1;
				DYLIB_INSTALL_NAME_BASE = "@rpath";
				INFOPLIST_FILE = "$(PROJECT_FILE_PATH)/$(TARGET_NAME)Info.plist";
				INSTALL_PATH = "$(LOCAL_LIBRARY_DIR)/Frameworks";
				LD_RUNPATH_SEARCH_PATHS = "$(inherited) @executable_path/Frameworks @loader_path/Frameworks";
				PRODUCT_BUNDLE_IDENTIFIER = com.markadams.Buildkite;
				PRODUCT_NAME = "$(TARGET_NAME)";
				SKIP_INSTALL = YES;
				SWIFT_VERSION = 3.0;
			};
			name = Test;
		};
		39E411131ED91C7400EB1B63 /* Test */ = {
			isa = XCBuildConfiguration;
			baseConfigurationReference = 39E410FC1ED91BAA00EB1B63 /* iOS-Application.xcconfig */;
			buildSettings = {
				DEVELOPMENT_TEAM = 58WAG2ULA9;
				INFOPLIST_FILE = "$(PROJECT_FILE_PATH)/$(TARGET_NAME)Info.plist";
				LD_RUNPATH_SEARCH_PATHS = "$(inherited) @executable_path/Frameworks @loader_path/Frameworks";
				PRODUCT_BUNDLE_IDENTIFIER = com.markadams.BuildkiteTests;
				PRODUCT_NAME = "$(TARGET_NAME)";
				SWIFT_VERSION = 3.0;
			};
			name = Test;
		};
		39E411141ED91C7A00EB1B63 /* Profile */ = {
			isa = XCBuildConfiguration;
			baseConfigurationReference = 39E410F41ED91BAA00EB1B63 /* Profile.xcconfig */;
			buildSettings = {
				ALWAYS_SEARCH_USER_PATHS = NO;
				CLANG_ANALYZER_NONNULL = YES;
				CLANG_ANALYZER_NUMBER_OBJECT_CONVERSION = YES_AGGRESSIVE;
				CLANG_CXX_LANGUAGE_STANDARD = "gnu++0x";
				CLANG_CXX_LIBRARY = "libc++";
				CLANG_ENABLE_MODULES = YES;
				CLANG_ENABLE_OBJC_ARC = YES;
				CLANG_WARN_BOOL_CONVERSION = YES;
				CLANG_WARN_CONSTANT_CONVERSION = YES;
				CLANG_WARN_DIRECT_OBJC_ISA_USAGE = YES_ERROR;
				CLANG_WARN_DOCUMENTATION_COMMENTS = YES;
				CLANG_WARN_EMPTY_BODY = YES;
				CLANG_WARN_ENUM_CONVERSION = YES;
				CLANG_WARN_INFINITE_RECURSION = YES;
				CLANG_WARN_INT_CONVERSION = YES;
				CLANG_WARN_OBJC_ROOT_CLASS = YES_ERROR;
				CLANG_WARN_SUSPICIOUS_MOVE = YES;
				CLANG_WARN_UNREACHABLE_CODE = YES;
				CLANG_WARN__DUPLICATE_METHOD_MATCH = YES;
				"CODE_SIGN_IDENTITY[sdk=iphoneos*]" = "iPhone Developer";
				COPY_PHASE_STRIP = NO;
				CURRENT_PROJECT_VERSION = 1;
				DEBUG_INFORMATION_FORMAT = "dwarf-with-dsym";
				ENABLE_NS_ASSERTIONS = NO;
				ENABLE_STRICT_OBJC_MSGSEND = YES;
				GCC_C_LANGUAGE_STANDARD = gnu99;
				GCC_NO_COMMON_BLOCKS = YES;
				GCC_WARN_64_TO_32_BIT_CONVERSION = YES;
				GCC_WARN_ABOUT_RETURN_TYPE = YES_ERROR;
				GCC_WARN_UNDECLARED_SELECTOR = YES;
				GCC_WARN_UNINITIALIZED_AUTOS = YES_AGGRESSIVE;
				GCC_WARN_UNUSED_FUNCTION = YES;
				GCC_WARN_UNUSED_VARIABLE = YES;
				IPHONEOS_DEPLOYMENT_TARGET = 10.3;
				MTL_ENABLE_DEBUG_INFO = NO;
				SDKROOT = iphoneos;
				SWIFT_OPTIMIZATION_LEVEL = "-Owholemodule";
				TARGETED_DEVICE_FAMILY = "1,2";
				VALIDATE_PRODUCT = YES;
				VERSIONING_SYSTEM = "apple-generic";
				VERSION_INFO_PREFIX = "";
			};
			name = Profile;
		};
		39E411151ED91C7A00EB1B63 /* Profile */ = {
			isa = XCBuildConfiguration;
			baseConfigurationReference = 39E410FE1ED91BAA00EB1B63 /* iOS-Framework.xcconfig */;
			buildSettings = {
				CODE_SIGN_IDENTITY = "";
				DEFINES_MODULE = YES;
				DEVELOPMENT_TEAM = 58WAG2ULA9;
				DYLIB_COMPATIBILITY_VERSION = 1;
				DYLIB_CURRENT_VERSION = 1;
				DYLIB_INSTALL_NAME_BASE = "@rpath";
				INFOPLIST_FILE = "$(PROJECT_FILE_PATH)/$(TARGET_NAME)Info.plist";
				INSTALL_PATH = "$(LOCAL_LIBRARY_DIR)/Frameworks";
				LD_RUNPATH_SEARCH_PATHS = "$(inherited) @executable_path/Frameworks @loader_path/Frameworks";
				PRODUCT_BUNDLE_IDENTIFIER = com.markadams.Buildkite;
				PRODUCT_NAME = "$(TARGET_NAME)";
				SKIP_INSTALL = YES;
				SWIFT_VERSION = 3.0;
			};
			name = Profile;
		};
		39E411161ED91C7A00EB1B63 /* Profile */ = {
			isa = XCBuildConfiguration;
			baseConfigurationReference = 39E410FC1ED91BAA00EB1B63 /* iOS-Application.xcconfig */;
			buildSettings = {
				DEVELOPMENT_TEAM = 58WAG2ULA9;
				INFOPLIST_FILE = "$(PROJECT_FILE_PATH)/$(TARGET_NAME)Info.plist";
				LD_RUNPATH_SEARCH_PATHS = "$(inherited) @executable_path/Frameworks @loader_path/Frameworks";
				PRODUCT_BUNDLE_IDENTIFIER = com.markadams.BuildkiteTests;
				PRODUCT_NAME = "$(TARGET_NAME)";
				SWIFT_VERSION = 3.0;
			};
			name = Profile;
		};
/* End XCBuildConfiguration section */

/* Begin XCConfigurationList section */
		39E410CA1ED9179C00EB1B63 /* Build configuration list for PBXProject "Buildkite" */ = {
			isa = XCConfigurationList;
			buildConfigurations = (
				39E410E21ED9179C00EB1B63 /* Debug */,
				39E411111ED91C7400EB1B63 /* Test */,
				39E410E31ED9179C00EB1B63 /* Release */,
				39E411141ED91C7A00EB1B63 /* Profile */,
			);
			defaultConfigurationIsVisible = 0;
			defaultConfigurationName = Release;
		};
		39E410E41ED9179C00EB1B63 /* Build configuration list for PBXNativeTarget "Buildkite" */ = {
			isa = XCConfigurationList;
			buildConfigurations = (
				39E410E51ED9179C00EB1B63 /* Debug */,
				39E411121ED91C7400EB1B63 /* Test */,
				39E410E61ED9179C00EB1B63 /* Release */,
				39E411151ED91C7A00EB1B63 /* Profile */,
			);
			defaultConfigurationIsVisible = 0;
			defaultConfigurationName = Release;
		};
		39E410E71ED9179C00EB1B63 /* Build configuration list for PBXNativeTarget "BuildkiteTests" */ = {
			isa = XCConfigurationList;
			buildConfigurations = (
				39E410E81ED9179C00EB1B63 /* Debug */,
				39E411131ED91C7400EB1B63 /* Test */,
				39E410E91ED9179C00EB1B63 /* Release */,
				39E411161ED91C7A00EB1B63 /* Profile */,
			);
			defaultConfigurationIsVisible = 0;
			defaultConfigurationName = Release;
		};
/* End XCConfigurationList section */
	};
	rootObject = 39E410C71ED9179C00EB1B63 /* Project object */;
}
